// !$*UTF8*$!
{
	archiveVersion = 1;
	classes = {
	};
	objectVersion = 55;
	objects = {

/* Begin PBXBuildFile section */
		0F7137BB2841F8340058757A /* FoodybiteApp.swift in Sources */ = {isa = PBXBuildFile; fileRef = 0F7137BA2841F8340058757A /* FoodybiteApp.swift */; };
		0F7137BD2841F8340058757A /* LoginView.swift in Sources */ = {isa = PBXBuildFile; fileRef = 0F7137BC2841F8340058757A /* LoginView.swift */; };
		0F7137BF2841F8370058757A /* Assets.xcassets in Resources */ = {isa = PBXBuildFile; fileRef = 0F7137BE2841F8370058757A /* Assets.xcassets */; };
		0F7137C22841F8370058757A /* Preview Assets.xcassets in Resources */ = {isa = PBXBuildFile; fileRef = 0F7137C12841F8370058757A /* Preview Assets.xcassets */; };
		A2E64B9928420C2D00FC41B7 /* ImageTextField.swift in Sources */ = {isa = PBXBuildFile; fileRef = A2E64B9828420C2D00FC41B7 /* ImageTextField.swift */; };
		A2E64B9B2842103300FC41B7 /* LoginBackground.swift in Sources */ = {isa = PBXBuildFile; fileRef = A2E64B9A2842103300FC41B7 /* LoginBackground.swift */; };
		A2E64B9E2842146C00FC41B7 /* Color+.swift in Sources */ = {isa = PBXBuildFile; fileRef = A2E64B9D2842146C00FC41B7 /* Color+.swift */; };
		A2E64BAE284222DA00FC41B7 /* JosefinSans-Medium.ttf in Resources */ = {isa = PBXBuildFile; fileRef = A2E64BA0284222DA00FC41B7 /* JosefinSans-Medium.ttf */; };
		A2E64BAF284222DA00FC41B7 /* JosefinSans-Italic.ttf in Resources */ = {isa = PBXBuildFile; fileRef = A2E64BA1284222DA00FC41B7 /* JosefinSans-Italic.ttf */; };
		A2E64BB0284222DA00FC41B7 /* JosefinSans-LightItalic.ttf in Resources */ = {isa = PBXBuildFile; fileRef = A2E64BA2284222DA00FC41B7 /* JosefinSans-LightItalic.ttf */; };
		A2E64BB1284222DA00FC41B7 /* JosefinSans-SemiBoldItalic.ttf in Resources */ = {isa = PBXBuildFile; fileRef = A2E64BA3284222DA00FC41B7 /* JosefinSans-SemiBoldItalic.ttf */; };
		A2E64BB2284222DA00FC41B7 /* JosefinSans-Bold.ttf in Resources */ = {isa = PBXBuildFile; fileRef = A2E64BA4284222DA00FC41B7 /* JosefinSans-Bold.ttf */; };
		A2E64BB3284222DA00FC41B7 /* JosefinSans-ExtraLightItalic.ttf in Resources */ = {isa = PBXBuildFile; fileRef = A2E64BA5284222DA00FC41B7 /* JosefinSans-ExtraLightItalic.ttf */; };
		A2E64BB4284222DA00FC41B7 /* JosefinSans-ThinItalic.ttf in Resources */ = {isa = PBXBuildFile; fileRef = A2E64BA6284222DA00FC41B7 /* JosefinSans-ThinItalic.ttf */; };
		A2E64BB5284222DA00FC41B7 /* JosefinSans-SemiBold.ttf in Resources */ = {isa = PBXBuildFile; fileRef = A2E64BA7284222DA00FC41B7 /* JosefinSans-SemiBold.ttf */; };
		A2E64BB6284222DA00FC41B7 /* JosefinSans-Light.ttf in Resources */ = {isa = PBXBuildFile; fileRef = A2E64BA8284222DA00FC41B7 /* JosefinSans-Light.ttf */; };
		A2E64BB7284222DA00FC41B7 /* JosefinSans-Regular.ttf in Resources */ = {isa = PBXBuildFile; fileRef = A2E64BA9284222DA00FC41B7 /* JosefinSans-Regular.ttf */; };
		A2E64BB8284222DA00FC41B7 /* JosefinSans-Thin.ttf in Resources */ = {isa = PBXBuildFile; fileRef = A2E64BAA284222DA00FC41B7 /* JosefinSans-Thin.ttf */; };
		A2E64BB9284222DA00FC41B7 /* JosefinSans-MediumItalic.ttf in Resources */ = {isa = PBXBuildFile; fileRef = A2E64BAB284222DA00FC41B7 /* JosefinSans-MediumItalic.ttf */; };
		A2E64BBA284222DA00FC41B7 /* JosefinSans-ExtraLight.ttf in Resources */ = {isa = PBXBuildFile; fileRef = A2E64BAC284222DA00FC41B7 /* JosefinSans-ExtraLight.ttf */; };
		A2E64BBB284222DA00FC41B7 /* JosefinSans-BoldItalic.ttf in Resources */ = {isa = PBXBuildFile; fileRef = A2E64BAD284222DA00FC41B7 /* JosefinSans-BoldItalic.ttf */; };
/* End PBXBuildFile section */

/* Begin PBXFileReference section */
		0F7137B72841F8340058757A /* Foodybite.app */ = {isa = PBXFileReference; explicitFileType = wrapper.application; includeInIndex = 0; path = Foodybite.app; sourceTree = BUILT_PRODUCTS_DIR; };
		0F7137BA2841F8340058757A /* FoodybiteApp.swift */ = {isa = PBXFileReference; lastKnownFileType = sourcecode.swift; path = FoodybiteApp.swift; sourceTree = "<group>"; };
		0F7137BC2841F8340058757A /* LoginView.swift */ = {isa = PBXFileReference; lastKnownFileType = sourcecode.swift; path = LoginView.swift; sourceTree = "<group>"; };
		0F7137BE2841F8370058757A /* Assets.xcassets */ = {isa = PBXFileReference; lastKnownFileType = folder.assetcatalog; path = Assets.xcassets; sourceTree = "<group>"; };
		0F7137C12841F8370058757A /* Preview Assets.xcassets */ = {isa = PBXFileReference; lastKnownFileType = folder.assetcatalog; path = "Preview Assets.xcassets"; sourceTree = "<group>"; };
		A2E64B9828420C2D00FC41B7 /* ImageTextField.swift */ = {isa = PBXFileReference; lastKnownFileType = sourcecode.swift; path = ImageTextField.swift; sourceTree = "<group>"; };
		A2E64B9A2842103300FC41B7 /* LoginBackground.swift */ = {isa = PBXFileReference; lastKnownFileType = sourcecode.swift; path = LoginBackground.swift; sourceTree = "<group>"; };
		A2E64B9D2842146C00FC41B7 /* Color+.swift */ = {isa = PBXFileReference; lastKnownFileType = sourcecode.swift; path = "Color+.swift"; sourceTree = "<group>"; };
		A2E64BA0284222DA00FC41B7 /* JosefinSans-Medium.ttf */ = {isa = PBXFileReference; lastKnownFileType = file; name = "JosefinSans-Medium.ttf"; path = "../../../../../Downloads/Josefin_Sans/static/JosefinSans-Medium.ttf"; sourceTree = "<group>"; };
		A2E64BA1284222DA00FC41B7 /* JosefinSans-Italic.ttf */ = {isa = PBXFileReference; lastKnownFileType = file; name = "JosefinSans-Italic.ttf"; path = "../../../../../Downloads/Josefin_Sans/static/JosefinSans-Italic.ttf"; sourceTree = "<group>"; };
		A2E64BA2284222DA00FC41B7 /* JosefinSans-LightItalic.ttf */ = {isa = PBXFileReference; lastKnownFileType = file; name = "JosefinSans-LightItalic.ttf"; path = "../../../../../Downloads/Josefin_Sans/static/JosefinSans-LightItalic.ttf"; sourceTree = "<group>"; };
		A2E64BA3284222DA00FC41B7 /* JosefinSans-SemiBoldItalic.ttf */ = {isa = PBXFileReference; lastKnownFileType = file; name = "JosefinSans-SemiBoldItalic.ttf"; path = "../../../../../Downloads/Josefin_Sans/static/JosefinSans-SemiBoldItalic.ttf"; sourceTree = "<group>"; };
		A2E64BA4284222DA00FC41B7 /* JosefinSans-Bold.ttf */ = {isa = PBXFileReference; lastKnownFileType = file; name = "JosefinSans-Bold.ttf"; path = "../../../../../Downloads/Josefin_Sans/static/JosefinSans-Bold.ttf"; sourceTree = "<group>"; };
		A2E64BA5284222DA00FC41B7 /* JosefinSans-ExtraLightItalic.ttf */ = {isa = PBXFileReference; lastKnownFileType = file; name = "JosefinSans-ExtraLightItalic.ttf"; path = "../../../../../Downloads/Josefin_Sans/static/JosefinSans-ExtraLightItalic.ttf"; sourceTree = "<group>"; };
		A2E64BA6284222DA00FC41B7 /* JosefinSans-ThinItalic.ttf */ = {isa = PBXFileReference; lastKnownFileType = file; name = "JosefinSans-ThinItalic.ttf"; path = "../../../../../Downloads/Josefin_Sans/static/JosefinSans-ThinItalic.ttf"; sourceTree = "<group>"; };
		A2E64BA7284222DA00FC41B7 /* JosefinSans-SemiBold.ttf */ = {isa = PBXFileReference; lastKnownFileType = file; name = "JosefinSans-SemiBold.ttf"; path = "../../../../../Downloads/Josefin_Sans/static/JosefinSans-SemiBold.ttf"; sourceTree = "<group>"; };
		A2E64BA8284222DA00FC41B7 /* JosefinSans-Light.ttf */ = {isa = PBXFileReference; lastKnownFileType = file; name = "JosefinSans-Light.ttf"; path = "../../../../../Downloads/Josefin_Sans/static/JosefinSans-Light.ttf"; sourceTree = "<group>"; };
		A2E64BA9284222DA00FC41B7 /* JosefinSans-Regular.ttf */ = {isa = PBXFileReference; lastKnownFileType = file; name = "JosefinSans-Regular.ttf"; path = "../../../../../Downloads/Josefin_Sans/static/JosefinSans-Regular.ttf"; sourceTree = "<group>"; };
		A2E64BAA284222DA00FC41B7 /* JosefinSans-Thin.ttf */ = {isa = PBXFileReference; lastKnownFileType = file; name = "JosefinSans-Thin.ttf"; path = "../../../../../Downloads/Josefin_Sans/static/JosefinSans-Thin.ttf"; sourceTree = "<group>"; };
		A2E64BAB284222DA00FC41B7 /* JosefinSans-MediumItalic.ttf */ = {isa = PBXFileReference; lastKnownFileType = file; name = "JosefinSans-MediumItalic.ttf"; path = "../../../../../Downloads/Josefin_Sans/static/JosefinSans-MediumItalic.ttf"; sourceTree = "<group>"; };
		A2E64BAC284222DA00FC41B7 /* JosefinSans-ExtraLight.ttf */ = {isa = PBXFileReference; lastKnownFileType = file; name = "JosefinSans-ExtraLight.ttf"; path = "../../../../../Downloads/Josefin_Sans/static/JosefinSans-ExtraLight.ttf"; sourceTree = "<group>"; };
		A2E64BAD284222DA00FC41B7 /* JosefinSans-BoldItalic.ttf */ = {isa = PBXFileReference; lastKnownFileType = file; name = "JosefinSans-BoldItalic.ttf"; path = "../../../../../Downloads/Josefin_Sans/static/JosefinSans-BoldItalic.ttf"; sourceTree = "<group>"; };
		A2E64BBC2842234400FC41B7 /* Info.plist */ = {isa = PBXFileReference; lastKnownFileType = text.plist.xml; path = Info.plist; sourceTree = "<group>"; };
/* End PBXFileReference section */

/* Begin PBXFrameworksBuildPhase section */
		0F7137B42841F8340058757A /* Frameworks */ = {
			isa = PBXFrameworksBuildPhase;
			buildActionMask = 2147483647;
			files = (
			);
			runOnlyForDeploymentPostprocessing = 0;
		};
/* End PBXFrameworksBuildPhase section */

/* Begin PBXGroup section */
		0F7137AE2841F8340058757A = {
			isa = PBXGroup;
			children = (
				0F7137B92841F8340058757A /* Foodybite */,
				0F7137B82841F8340058757A /* Products */,
			);
			sourceTree = "<group>";
		};
		0F7137B82841F8340058757A /* Products */ = {
			isa = PBXGroup;
			children = (
				0F7137B72841F8340058757A /* Foodybite.app */,
			);
			name = Products;
			sourceTree = "<group>";
		};
		0F7137B92841F8340058757A /* Foodybite */ = {
			isa = PBXGroup;
			children = (
				0F7137BA2841F8340058757A /* FoodybiteApp.swift */,
				A2E64B9F2842228000FC41B7 /* Fonts */,
				A2E64B9C2842145900FC41B7 /* Extension */,
				A2032BA2284205B600F8D8C8 /* Components */,
				A2032BA0284204A700F8D8C8 /* Views */,
				A2032B9F2842049300F8D8C8 /* Resources */,
			);
			path = Foodybite;
			sourceTree = "<group>";
		};
		0F7137C02841F8370058757A /* Preview Content */ = {
			isa = PBXGroup;
			children = (
				0F7137C12841F8370058757A /* Preview Assets.xcassets */,
			);
			path = "Preview Content";
			sourceTree = "<group>";
		};
		A2032B9F2842049300F8D8C8 /* Resources */ = {
			isa = PBXGroup;
			children = (
				A2E64BBC2842234400FC41B7 /* Info.plist */,
				0F7137C02841F8370058757A /* Preview Content */,
				0F7137BE2841F8370058757A /* Assets.xcassets */,
			);
			path = Resources;
			sourceTree = "<group>";
		};
		A2032BA0284204A700F8D8C8 /* Views */ = {
			isa = PBXGroup;
			children = (
				A2032BA12842052400F8D8C8 /* Login */,
			);
			path = Views;
			sourceTree = "<group>";
		};
		A2032BA12842052400F8D8C8 /* Login */ = {
			isa = PBXGroup;
			children = (
				0F7137BC2841F8340058757A /* LoginView.swift */,
			);
			path = Login;
			sourceTree = "<group>";
		};
		A2032BA2284205B600F8D8C8 /* Components */ = {
			isa = PBXGroup;
			children = (
				A2E64B9828420C2D00FC41B7 /* ImageTextField.swift */,
				A2E64B9A2842103300FC41B7 /* LoginBackground.swift */,
			);
			path = Components;
			sourceTree = "<group>";
		};
		A2E64B9C2842145900FC41B7 /* Extension */ = {
			isa = PBXGroup;
			children = (
				A2E64B9D2842146C00FC41B7 /* Color+.swift */,
			);
			path = Extension;
			sourceTree = "<group>";
		};
		A2E64B9F2842228000FC41B7 /* Fonts */ = {
			isa = PBXGroup;
			children = (
				A2E64BA4284222DA00FC41B7 /* JosefinSans-Bold.ttf */,
				A2E64BAD284222DA00FC41B7 /* JosefinSans-BoldItalic.ttf */,
				A2E64BAC284222DA00FC41B7 /* JosefinSans-ExtraLight.ttf */,
				A2E64BA5284222DA00FC41B7 /* JosefinSans-ExtraLightItalic.ttf */,
				A2E64BA1284222DA00FC41B7 /* JosefinSans-Italic.ttf */,
				A2E64BA8284222DA00FC41B7 /* JosefinSans-Light.ttf */,
				A2E64BA2284222DA00FC41B7 /* JosefinSans-LightItalic.ttf */,
				A2E64BA0284222DA00FC41B7 /* JosefinSans-Medium.ttf */,
				A2E64BAB284222DA00FC41B7 /* JosefinSans-MediumItalic.ttf */,
				A2E64BA9284222DA00FC41B7 /* JosefinSans-Regular.ttf */,
				A2E64BA7284222DA00FC41B7 /* JosefinSans-SemiBold.ttf */,
				A2E64BA3284222DA00FC41B7 /* JosefinSans-SemiBoldItalic.ttf */,
				A2E64BAA284222DA00FC41B7 /* JosefinSans-Thin.ttf */,
				A2E64BA6284222DA00FC41B7 /* JosefinSans-ThinItalic.ttf */,
			);
			path = Fonts;
			sourceTree = "<group>";
		};
/* End PBXGroup section */

/* Begin PBXNativeTarget section */
		0F7137B62841F8340058757A /* Foodybite */ = {
			isa = PBXNativeTarget;
			buildConfigurationList = 0F7137C52841F8370058757A /* Build configuration list for PBXNativeTarget "Foodybite" */;
			buildPhases = (
				0F7137B32841F8340058757A /* Sources */,
				0F7137B42841F8340058757A /* Frameworks */,
				0F7137B52841F8340058757A /* Resources */,
			);
			buildRules = (
			);
			dependencies = (
			);
			name = Foodybite;
			productName = Foodybite;
			productReference = 0F7137B72841F8340058757A /* Foodybite.app */;
			productType = "com.apple.product-type.application";
		};
/* End PBXNativeTarget section */

/* Begin PBXProject section */
		0F7137AF2841F8340058757A /* Project object */ = {
			isa = PBXProject;
			attributes = {
				BuildIndependentTargetsInParallel = 1;
				LastSwiftUpdateCheck = 1340;
				LastUpgradeCheck = 1340;
				TargetAttributes = {
					0F7137B62841F8340058757A = {
						CreatedOnToolsVersion = 13.4;
					};
				};
			};
			buildConfigurationList = 0F7137B22841F8340058757A /* Build configuration list for PBXProject "Foodybite" */;
			compatibilityVersion = "Xcode 13.0";
			developmentRegion = en;
			hasScannedForEncodings = 0;
			knownRegions = (
				en,
				Base,
			);
			mainGroup = 0F7137AE2841F8340058757A;
			productRefGroup = 0F7137B82841F8340058757A /* Products */;
			projectDirPath = "";
			projectRoot = "";
			targets = (
				0F7137B62841F8340058757A /* Foodybite */,
			);
		};
/* End PBXProject section */

/* Begin PBXResourcesBuildPhase section */
		0F7137B52841F8340058757A /* Resources */ = {
			isa = PBXResourcesBuildPhase;
			buildActionMask = 2147483647;
			files = (
				A2E64BAF284222DA00FC41B7 /* JosefinSans-Italic.ttf in Resources */,
				A2E64BBA284222DA00FC41B7 /* JosefinSans-ExtraLight.ttf in Resources */,
				A2E64BB7284222DA00FC41B7 /* JosefinSans-Regular.ttf in Resources */,
				0F7137C22841F8370058757A /* Preview Assets.xcassets in Resources */,
				A2E64BB6284222DA00FC41B7 /* JosefinSans-Light.ttf in Resources */,
				A2E64BB4284222DA00FC41B7 /* JosefinSans-ThinItalic.ttf in Resources */,
				A2E64BB5284222DA00FC41B7 /* JosefinSans-SemiBold.ttf in Resources */,
				0F7137BF2841F8370058757A /* Assets.xcassets in Resources */,
				A2E64BB1284222DA00FC41B7 /* JosefinSans-SemiBoldItalic.ttf in Resources */,
				A2E64BB3284222DA00FC41B7 /* JosefinSans-ExtraLightItalic.ttf in Resources */,
				A2E64BAE284222DA00FC41B7 /* JosefinSans-Medium.ttf in Resources */,
				A2E64BB0284222DA00FC41B7 /* JosefinSans-LightItalic.ttf in Resources */,
				A2E64BB9284222DA00FC41B7 /* JosefinSans-MediumItalic.ttf in Resources */,
				A2E64BBB284222DA00FC41B7 /* JosefinSans-BoldItalic.ttf in Resources */,
				A2E64BB8284222DA00FC41B7 /* JosefinSans-Thin.ttf in Resources */,
				A2E64BB2284222DA00FC41B7 /* JosefinSans-Bold.ttf in Resources */,
			);
			runOnlyForDeploymentPostprocessing = 0;
		};
/* End PBXResourcesBuildPhase section */

/* Begin PBXSourcesBuildPhase section */
		0F7137B32841F8340058757A /* Sources */ = {
			isa = PBXSourcesBuildPhase;
			buildActionMask = 2147483647;
			files = (
				0F7137BD2841F8340058757A /* LoginView.swift in Sources */,
				A2E64B9E2842146C00FC41B7 /* Color+.swift in Sources */,
				A2E64B9B2842103300FC41B7 /* LoginBackground.swift in Sources */,
				A2E64B9928420C2D00FC41B7 /* ImageTextField.swift in Sources */,
				0F7137BB2841F8340058757A /* FoodybiteApp.swift in Sources */,
			);
			runOnlyForDeploymentPostprocessing = 0;
		};
/* End PBXSourcesBuildPhase section */

/* Begin XCBuildConfiguration section */
		0F7137C32841F8370058757A /* Debug */ = {
			isa = XCBuildConfiguration;
			buildSettings = {
				ALWAYS_SEARCH_USER_PATHS = NO;
				CLANG_ANALYZER_NONNULL = YES;
				CLANG_ANALYZER_NUMBER_OBJECT_CONVERSION = YES_AGGRESSIVE;
				CLANG_CXX_LANGUAGE_STANDARD = "gnu++17";
				CLANG_ENABLE_MODULES = YES;
				CLANG_ENABLE_OBJC_ARC = YES;
				CLANG_ENABLE_OBJC_WEAK = YES;
				CLANG_WARN_BLOCK_CAPTURE_AUTORELEASING = YES;
				CLANG_WARN_BOOL_CONVERSION = YES;
				CLANG_WARN_COMMA = YES;
				CLANG_WARN_CONSTANT_CONVERSION = YES;
				CLANG_WARN_DEPRECATED_OBJC_IMPLEMENTATIONS = YES;
				CLANG_WARN_DIRECT_OBJC_ISA_USAGE = YES_ERROR;
				CLANG_WARN_DOCUMENTATION_COMMENTS = YES;
				CLANG_WARN_EMPTY_BODY = YES;
				CLANG_WARN_ENUM_CONVERSION = YES;
				CLANG_WARN_INFINITE_RECURSION = YES;
				CLANG_WARN_INT_CONVERSION = YES;
				CLANG_WARN_NON_LITERAL_NULL_CONVERSION = YES;
				CLANG_WARN_OBJC_IMPLICIT_RETAIN_SELF = YES;
				CLANG_WARN_OBJC_LITERAL_CONVERSION = YES;
				CLANG_WARN_OBJC_ROOT_CLASS = YES_ERROR;
				CLANG_WARN_QUOTED_INCLUDE_IN_FRAMEWORK_HEADER = YES;
				CLANG_WARN_RANGE_LOOP_ANALYSIS = YES;
				CLANG_WARN_STRICT_PROTOTYPES = YES;
				CLANG_WARN_SUSPICIOUS_MOVE = YES;
				CLANG_WARN_UNGUARDED_AVAILABILITY = YES_AGGRESSIVE;
				CLANG_WARN_UNREACHABLE_CODE = YES;
				CLANG_WARN__DUPLICATE_METHOD_MATCH = YES;
				COPY_PHASE_STRIP = NO;
				DEBUG_INFORMATION_FORMAT = dwarf;
				ENABLE_STRICT_OBJC_MSGSEND = YES;
				ENABLE_TESTABILITY = YES;
				GCC_C_LANGUAGE_STANDARD = gnu11;
				GCC_DYNAMIC_NO_PIC = NO;
				GCC_NO_COMMON_BLOCKS = YES;
				GCC_OPTIMIZATION_LEVEL = 0;
				GCC_PREPROCESSOR_DEFINITIONS = (
					"DEBUG=1",
					"$(inherited)",
				);
				GCC_WARN_64_TO_32_BIT_CONVERSION = YES;
				GCC_WARN_ABOUT_RETURN_TYPE = YES_ERROR;
				GCC_WARN_UNDECLARED_SELECTOR = YES;
				GCC_WARN_UNINITIALIZED_AUTOS = YES_AGGRESSIVE;
				GCC_WARN_UNUSED_FUNCTION = YES;
				GCC_WARN_UNUSED_VARIABLE = YES;
				IPHONEOS_DEPLOYMENT_TARGET = 15.5;
				MTL_ENABLE_DEBUG_INFO = INCLUDE_SOURCE;
				MTL_FAST_MATH = YES;
				ONLY_ACTIVE_ARCH = YES;
				SDKROOT = iphoneos;
				SWIFT_ACTIVE_COMPILATION_CONDITIONS = DEBUG;
				SWIFT_OPTIMIZATION_LEVEL = "-Onone";
			};
			name = Debug;
		};
		0F7137C42841F8370058757A /* Release */ = {
			isa = XCBuildConfiguration;
			buildSettings = {
				ALWAYS_SEARCH_USER_PATHS = NO;
				CLANG_ANALYZER_NONNULL = YES;
				CLANG_ANALYZER_NUMBER_OBJECT_CONVERSION = YES_AGGRESSIVE;
				CLANG_CXX_LANGUAGE_STANDARD = "gnu++17";
				CLANG_ENABLE_MODULES = YES;
				CLANG_ENABLE_OBJC_ARC = YES;
				CLANG_ENABLE_OBJC_WEAK = YES;
				CLANG_WARN_BLOCK_CAPTURE_AUTORELEASING = YES;
				CLANG_WARN_BOOL_CONVERSION = YES;
				CLANG_WARN_COMMA = YES;
				CLANG_WARN_CONSTANT_CONVERSION = YES;
				CLANG_WARN_DEPRECATED_OBJC_IMPLEMENTATIONS = YES;
				CLANG_WARN_DIRECT_OBJC_ISA_USAGE = YES_ERROR;
				CLANG_WARN_DOCUMENTATION_COMMENTS = YES;
				CLANG_WARN_EMPTY_BODY = YES;
				CLANG_WARN_ENUM_CONVERSION = YES;
				CLANG_WARN_INFINITE_RECURSION = YES;
				CLANG_WARN_INT_CONVERSION = YES;
				CLANG_WARN_NON_LITERAL_NULL_CONVERSION = YES;
				CLANG_WARN_OBJC_IMPLICIT_RETAIN_SELF = YES;
				CLANG_WARN_OBJC_LITERAL_CONVERSION = YES;
				CLANG_WARN_OBJC_ROOT_CLASS = YES_ERROR;
				CLANG_WARN_QUOTED_INCLUDE_IN_FRAMEWORK_HEADER = YES;
				CLANG_WARN_RANGE_LOOP_ANALYSIS = YES;
				CLANG_WARN_STRICT_PROTOTYPES = YES;
				CLANG_WARN_SUSPICIOUS_MOVE = YES;
				CLANG_WARN_UNGUARDED_AVAILABILITY = YES_AGGRESSIVE;
				CLANG_WARN_UNREACHABLE_CODE = YES;
				CLANG_WARN__DUPLICATE_METHOD_MATCH = YES;
				COPY_PHASE_STRIP = NO;
				DEBUG_INFORMATION_FORMAT = "dwarf-with-dsym";
				ENABLE_NS_ASSERTIONS = NO;
				ENABLE_STRICT_OBJC_MSGSEND = YES;
				GCC_C_LANGUAGE_STANDARD = gnu11;
				GCC_NO_COMMON_BLOCKS = YES;
				GCC_WARN_64_TO_32_BIT_CONVERSION = YES;
				GCC_WARN_ABOUT_RETURN_TYPE = YES_ERROR;
				GCC_WARN_UNDECLARED_SELECTOR = YES;
				GCC_WARN_UNINITIALIZED_AUTOS = YES_AGGRESSIVE;
				GCC_WARN_UNUSED_FUNCTION = YES;
				GCC_WARN_UNUSED_VARIABLE = YES;
				IPHONEOS_DEPLOYMENT_TARGET = 15.5;
				MTL_ENABLE_DEBUG_INFO = NO;
				MTL_FAST_MATH = YES;
				SDKROOT = iphoneos;
				SWIFT_COMPILATION_MODE = wholemodule;
				SWIFT_OPTIMIZATION_LEVEL = "-O";
				VALIDATE_PRODUCT = YES;
			};
			name = Release;
		};
		0F7137C62841F8370058757A /* Debug */ = {
			isa = XCBuildConfiguration;
			buildSettings = {
				ASSETCATALOG_COMPILER_APPICON_NAME = AppIcon;
				ASSETCATALOG_COMPILER_GLOBAL_ACCENT_COLOR_NAME = AccentColor;
				CODE_SIGN_STYLE = Automatic;
				CURRENT_PROJECT_VERSION = 1;
				DEVELOPMENT_ASSET_PATHS = "\"Foodybite/Resources/Preview Content\"";
				DEVELOPMENT_TEAM = ULSKSPKFH7;
				ENABLE_PREVIEWS = YES;
				GENERATE_INFOPLIST_FILE = YES;
				INFOPLIST_FILE = "";
				INFOPLIST_KEY_UIApplicationSceneManifest_Generation = YES;
				INFOPLIST_KEY_UIApplicationSupportsIndirectInputEvents = YES;
				INFOPLIST_KEY_UILaunchScreen_Generation = YES;
				INFOPLIST_KEY_UISupportedInterfaceOrientations_iPad = "UIInterfaceOrientationPortrait UIInterfaceOrientationPortraitUpsideDown UIInterfaceOrientationLandscapeLeft UIInterfaceOrientationLandscapeRight";
				INFOPLIST_KEY_UISupportedInterfaceOrientations_iPhone = "UIInterfaceOrientationPortrait UIInterfaceOrientationLandscapeLeft UIInterfaceOrientationLandscapeRight";
				LD_RUNPATH_SEARCH_PATHS = (
					"$(inherited)",
					"@executable_path/Frameworks",
				);
				MARKETING_VERSION = 1.0;
				PRODUCT_BUNDLE_IDENTIFIER = com.marian.Foodybite;
				PRODUCT_NAME = "$(TARGET_NAME)";
				SWIFT_EMIT_LOC_STRINGS = YES;
				SWIFT_VERSION = 5.0;
				TARGETED_DEVICE_FAMILY = "1,2";
			};
			name = Debug;
		};
		0F7137C72841F8370058757A /* Release */ = {
			isa = XCBuildConfiguration;
			buildSettings = {
				ASSETCATALOG_COMPILER_APPICON_NAME = AppIcon;
				ASSETCATALOG_COMPILER_GLOBAL_ACCENT_COLOR_NAME = AccentColor;
				CODE_SIGN_STYLE = Automatic;
				CURRENT_PROJECT_VERSION = 1;
				DEVELOPMENT_ASSET_PATHS = "\"Foodybite/Resources/Preview Content\"";
				DEVELOPMENT_TEAM = ULSKSPKFH7;
				ENABLE_PREVIEWS = YES;
				GENERATE_INFOPLIST_FILE = YES;
				INFOPLIST_FILE = "";
				INFOPLIST_KEY_UIApplicationSceneManifest_Generation = YES;
				INFOPLIST_KEY_UIApplicationSupportsIndirectInputEvents = YES;
				INFOPLIST_KEY_UILaunchScreen_Generation = YES;
				INFOPLIST_KEY_UISupportedInterfaceOrientations_iPad = "UIInterfaceOrientationPortrait UIInterfaceOrientationPortraitUpsideDown UIInterfaceOrientationLandscapeLeft UIInterfaceOrientationLandscapeRight";
				INFOPLIST_KEY_UISupportedInterfaceOrientations_iPhone = "UIInterfaceOrientationPortrait UIInterfaceOrientationLandscapeLeft UIInterfaceOrientationLandscapeRight";
				LD_RUNPATH_SEARCH_PATHS = (
					"$(inherited)",
					"@executable_path/Frameworks",
				);
				MARKETING_VERSION = 1.0;
				PRODUCT_BUNDLE_IDENTIFIER = com.marian.Foodybite;
				PRODUCT_NAME = "$(TARGET_NAME)";
				SWIFT_EMIT_LOC_STRINGS = YES;
				SWIFT_VERSION = 5.0;
				TARGETED_DEVICE_FAMILY = "1,2";
			};
			name = Release;
		};
/* End XCBuildConfiguration section */

/* Begin XCConfigurationList section */
		0F7137B22841F8340058757A /* Build configuration list for PBXProject "Foodybite" */ = {
			isa = XCConfigurationList;
			buildConfigurations = (
				0F7137C32841F8370058757A /* Debug */,
				0F7137C42841F8370058757A /* Release */,
			);
			defaultConfigurationIsVisible = 0;
			defaultConfigurationName = Release;
		};
		0F7137C52841F8370058757A /* Build configuration list for PBXNativeTarget "Foodybite" */ = {
			isa = XCConfigurationList;
			buildConfigurations = (
				0F7137C62841F8370058757A /* Debug */,
				0F7137C72841F8370058757A /* Release */,
			);
			defaultConfigurationIsVisible = 0;
			defaultConfigurationName = Release;
		};
/* End XCConfigurationList section */
	};
	rootObject = 0F7137AF2841F8340058757A /* Project object */;
}
