<?xml version="1.0" encoding="UTF-8"?>
<Scheme
   LastUpgradeVersion = "1420"
   version = "1.3">
   <BuildAction
      parallelizeBuildables = "YES"
      buildImplicitDependencies = "YES">
      <BuildActionEntries>
         <BuildActionEntry
            buildForTesting = "YES"
            buildForRunning = "NO"
            buildForProfiling = "NO"
            buildForArchiving = "NO"
            buildForAnalyzing = "NO">
            <BuildableReference
               BuildableIdentifier = "primary"
               BlueprintIdentifier = "0F412E752962C78D00FDDF41"
               BuildableName = "FoodybitePlaces.framework"
               BlueprintName = "FoodybitePlaces"
               ReferencedContainer = "container:Foodybite.xcodeproj">
            </BuildableReference>
         </BuildActionEntry>
      </BuildActionEntries>
   </BuildAction>
   <TestAction
      buildConfiguration = "Debug"
      selectedDebuggerIdentifier = "Xcode.DebuggerFoundation.Debugger.LLDB"
      selectedLauncherIdentifier = "Xcode.DebuggerFoundation.Launcher.LLDB"
      shouldUseLaunchSchemeArgsEnv = "YES"
      codeCoverageEnabled = "YES">
      <Testables>
         <TestableReference
            skipped = "NO"
            testExecutionOrdering = "random">
            <BuildableReference
               BuildableIdentifier = "primary"
               BlueprintIdentifier = "0F0BDA1F28F83FD500E91FD0"
               BuildableName = "FoodybiteNetworkingTests.xctest"
               BlueprintName = "FoodybiteNetworkingTests"
               ReferencedContainer = "container:Foodybite.xcodeproj">
            </BuildableReference>
         </TestableReference>
         <TestableReference
            skipped = "NO"
            testExecutionOrdering = "random">
            <BuildableReference
               BuildableIdentifier = "primary"
               BlueprintIdentifier = "0F412E7C2962C78E00FDDF41"
               BuildableName = "FoodybitePlacesTests.xctest"
               BlueprintName = "FoodybitePlacesTests"
               ReferencedContainer = "container:Foodybite.xcodeproj">
            </BuildableReference>
         </TestableReference>
         <TestableReference
            skipped = "NO"
            testExecutionOrdering = "random">
            <BuildableReference
               BuildableIdentifier = "primary"
               BlueprintIdentifier = "0F108806291E2397007A28FA"
               BuildableName = "FoodybiteTests.xctest"
               BlueprintName = "FoodybiteTests"
               ReferencedContainer = "container:Foodybite.xcodeproj">
            </BuildableReference>
         </TestableReference>
         <TestableReference
            skipped = "NO">
            <BuildableReference
               BuildableIdentifier = "primary"
               BlueprintIdentifier = "0F2BACB829829D3B006D4A7F"
               BuildableName = "FoodybiteAPIEndToEndTests.xctest"
               BlueprintName = "FoodybiteAPIEndToEndTests"
               ReferencedContainer = "container:Foodybite.xcodeproj">
            </BuildableReference>
         </TestableReference>
         <TestableReference
            skipped = "NO"
            testExecutionOrdering = "random">
            <BuildableReference
               BuildableIdentifier = "primary"
               BlueprintIdentifier = "0F95A87C290D024400806AE9"
               BuildableName = "FoodybitePersistenceTests.xctest"
               BlueprintName = "FoodybitePersistenceTests"
               ReferencedContainer = "container:Foodybite.xcodeproj">
            </BuildableReference>
         </TestableReference>
         <TestableReference
            skipped = "NO"
            testExecutionOrdering = "random">
            <BuildableReference
               BuildableIdentifier = "primary"
               BlueprintIdentifier = "0FC73C5029B6097C005879B8"
               BuildableName = "FoodybiteCacheIntegrationTests.xctest"
               BlueprintName = "FoodybiteCacheIntegrationTests"
               ReferencedContainer = "container:Foodybite.xcodeproj">
            </BuildableReference>
         </TestableReference>
         <TestableReference
            skipped = "NO"
            testExecutionOrdering = "random">
            <BuildableReference
               BuildableIdentifier = "primary"
               BlueprintIdentifier = "0F34A12B29D4508300B36428"
               BuildableName = "API_InfraTests.xctest"
               BlueprintName = "API_InfraTests"
               ReferencedContainer = "container:Foodybite.xcodeproj">
            </BuildableReference>
         </TestableReference>
      </Testables>
   </TestAction>
   <LaunchAction
      buildConfiguration = "Debug"
      selectedDebuggerIdentifier = "Xcode.DebuggerFoundation.Debugger.LLDB"
      selectedLauncherIdentifier = "Xcode.DebuggerFoundation.Launcher.LLDB"
      launchStyle = "0"
      useCustomWorkingDirectory = "NO"
      ignoresPersistentStateOnLaunch = "NO"
      debugDocumentVersioning = "YES"
      debugServiceExtension = "internal"
      allowLocationSimulation = "YES">
   </LaunchAction>
   <ProfileAction
      buildConfiguration = "Release"
      shouldUseLaunchSchemeArgsEnv = "YES"
      savedToolIdentifier = ""
      useCustomWorkingDirectory = "NO"
      debugDocumentVersioning = "YES">
   </ProfileAction>
   <AnalyzeAction
      buildConfiguration = "Debug">
   </AnalyzeAction>
   <ArchiveAction
      buildConfiguration = "Release"
      revealArchiveInOrganizer = "YES">
   </ArchiveAction>
</Scheme>
